<?xml version="1.0" encoding="utf-8"?>
<Project ToolsVersion="4.0" xmlns="http://schemas.microsoft.com/developer/msbuild/2003">
  <ItemGroup>
    <Filter Include="ソース ファイル">
      <UniqueIdentifier>{4FC737F1-C7A5-4376-A066-2A32D752A2FF}</UniqueIdentifier>
      <Extensions>cpp;c;cc;cxx;def;odl;idl;hpj;bat;asm;asmx</Extensions>
    </Filter>
    <Filter Include="ヘッダー ファイル">
      <UniqueIdentifier>{93995380-89BD-4b04-88EB-625FBE52EBFB}</UniqueIdentifier>
      <Extensions>h;hh;hpp;hxx;hm;inl;inc;ipp;xsd</Extensions>
    </Filter>
    <Filter Include="リソース ファイル">
      <UniqueIdentifier>{67DA6AB6-F800-4c08-8B7A-83BB121AAD01}</UniqueIdentifier>
      <Extensions>rc;ico;cur;bmp;dlg;rc2;rct;bin;rgs;gif;jpg;jpeg;jpe;resx;tiff;tif;png;wav;mfcribbon-ms</Extensions>
    </Filter>
    <Filter Include="ソース ファイル\sound">
      <UniqueIdentifier>{bbe66660-62e9-40e6-bd36-cd79c5110899}</UniqueIdentifier>
    </Filter>
    <Filter Include="ヘッダー ファイル\sound">
      <UniqueIdentifier>{34a18533-e508-4303-a04b-327cb54ee06a}</UniqueIdentifier>
    </Filter>
    <Filter Include="ソース ファイル\soundEffect">
      <UniqueIdentifier>{7d41ca38-6c48-4335-bdf1-74a229beab52}</UniqueIdentifier>
    </Filter>
    <Filter Include="ヘッダー ファイル\soundEffect">
      <UniqueIdentifier>{08c3455f-6956-437c-b0b6-b68cf51afe16}</UniqueIdentifier>
    </Filter>
  </ItemGroup>
  <ItemGroup>
    <ClCompile Include="Main.cpp">
      <Filter>ソース ファイル</Filter>
    </ClCompile>
    <ClCompile Include="SaiAudio2.cpp">
      <Filter>ソース ファイル\sound</Filter>
    </ClCompile>
    <ClCompile Include="LoadSoundClass.cpp">
      <Filter>ソース ファイル\sound</Filter>
    </ClCompile>
    <ClCompile Include="SaiDelay.cpp">
      <Filter>ソース ファイル\soundEffect</Filter>
    </ClCompile>
    <ClCompile Include="SaiEffect.cpp">
      <Filter>ソース ファイル\soundEffect</Filter>
    </ClCompile>
  </ItemGroup>
  <ItemGroup>
    <ClInclude Include="Main.h">
      <Filter>ヘッダー ファイル</Filter>
    </ClInclude>
    <ClInclude Include="SaiAudio2.h">
      <Filter>ヘッダー ファイル\sound</Filter>
    </ClInclude>
    <ClInclude Include="LoadSoundClass.h">
      <Filter>ヘッダー ファイル\sound</Filter>
    </ClInclude>
    <ClInclude Include="libTool.h">
      <Filter>ヘッダー ファイル\sound</Filter>
    </ClInclude>
    <ClInclude Include="SaiDelay.h">
      <Filter>ヘッダー ファイル\soundEffect</Filter>
    </ClInclude>
    <ClInclude Include="SaiEffect.h">
      <Filter>ヘッダー ファイル\soundEffect</Filter>
    </ClInclude>
  </ItemGroup>
</Project>